
Microsoft Visual Studio Solution File, Format Version 12.00
# Visual Studio Version 16
VisualStudioVersion = 16.0.31702.278
MinimumVisualStudioVersion = 10.0.40219.1
Project("{FAE04EC0-301F-11D3-BF4B-00C04F79EFBC}") = "LogiwaAPI", "LogiwaAPI\LogiwaAPI.csproj", "{A7A1A6EC-685A-490A-842F-6FCBDB737E41}"
EndProject
Project("{FAE04EC0-301F-11D3-BF4B-00C04F79EFBC}") = "LogiwaWeb", "LogiwaWeb\LogiwaWeb.csproj", "{C0A0D298-A13B-4A24-B561-168B4489FBD1}"
EndProject
Global
	GlobalSection(SolutionConfigurationPlatforms) = preSolution
		Debug|Any CPU = Debug|Any CPU
		Release|Any CPU = Release|Any CPU
	EndGlobalSection
	GlobalSection(ProjectConfigurationPlatforms) = postSolution
		{A7A1A6EC-685A-490A-842F-6FCBDB737E41}.Debug|Any CPU.ActiveCfg = Debug|Any CPU
		{A7A1A6EC-685A-490A-842F-6FCBDB737E41}.Debug|Any CPU.Build.0 = Debug|Any CPU
		{A7A1A6EC-685A-490A-842F-6FCBDB737E41}.Release|Any CPU.ActiveCfg = Release|Any CPU
		{A7A1A6EC-685A-490A-842F-6FCBDB737E41}.Release|Any CPU.Build.0 = Release|Any CPU
		{C0A0D298-A13B-4A24-B561-168B4489FBD1}.Debug|Any CPU.ActiveCfg = Debug|Any CPU
		{C0A0D298-A13B-4A24-B561-168B4489FBD1}.Debug|Any CPU.Build.0 = Debug|Any CPU
		{C0A0D298-A13B-4A24-B561-168B4489FBD1}.Release|Any CPU.ActiveCfg = Release|Any CPU
		{C0A0D298-A13B-4A24-B561-168B4489FBD1}.Release|Any CPU.Build.0 = Release|Any CPU
	EndGlobalSection
	GlobalSection(SolutionProperties) = preSolution
		HideSolutionNode = FALSE
	EndGlobalSection
	GlobalSection(ExtensibilityGlobals) = postSolution
		SolutionGuid = {6E1BEFB6-BCC9-4FAC-97EA-12C61083405A}
	EndGlobalSection
EndGlobal
